
Microsoft Visual Studio Solution File, Format Version 12.00
# Visual Studio 15
VisualStudioVersion = 15.0.28307.1062
MinimumVisualStudioVersion = 10.0.40219.1
Project("{FAE04EC0-301F-11D3-BF4B-00C04F79EFBC}") = "BasicsXamarin.Android", "BasicsXamarin\BasicsXamarin.Android\BasicsXamarin.Android.csproj", "{1D7EB564-6346-4566-9F71-1FDE3A058F47}"
EndProject
Project("{FAE04EC0-301F-11D3-BF4B-00C04F79EFBC}") = "BasicsXamarin.iOS", "BasicsXamarin\BasicsXamarin.iOS\BasicsXamarin.iOS.csproj", "{19F1D12B-34C7-47DB-A3A7-B9E3B5460420}"
EndProject
Project("{FAE04EC0-301F-11D3-BF4B-00C04F79EFBC}") = "BasicsXamarin", "BasicsXamarin\BasicsXamarin\BasicsXamarin.csproj", "{CF182504-A516-4805-BB46-84354FD318AF}"
EndProject
Global
	GlobalSection(SolutionConfigurationPlatforms) = preSolution
		Ad-Hoc|Any CPU = Ad-Hoc|Any CPU
		Ad-Hoc|iPhone = Ad-Hoc|iPhone
		Ad-Hoc|iPhoneSimulator = Ad-Hoc|iPhoneSimulator
		AppStore|Any CPU = AppStore|Any CPU
		AppStore|iPhone = AppStore|iPhone
		AppStore|iPhoneSimulator = AppStore|iPhoneSimulator
		Debug|Any CPU = Debug|Any CPU
		Debug|iPhone = Debug|iPhone
		Debug|iPhoneSimulator = Debug|iPhoneSimulator
		Release|Any CPU = Release|Any CPU
		Release|iPhone = Release|iPhone
		Release|iPhoneSimulator = Release|iPhoneSimulator
	EndGlobalSection
	GlobalSection(ProjectConfigurationPlatforms) = postSolution
		{1D7EB564-6346-4566-9F71-1FDE3A058F47}.Ad-Hoc|Any CPU.ActiveCfg = Release|Any CPU
		{1D7EB564-6346-4566-9F71-1FDE3A058F47}.Ad-Hoc|Any CPU.Build.0 = Release|Any CPU
		{1D7EB564-6346-4566-9F71-1FDE3A058F47}.Ad-Hoc|Any CPU.Deploy.0 = Release|Any CPU
		{1D7EB564-6346-4566-9F71-1FDE3A058F47}.Ad-Hoc|iPhone.ActiveCfg = Release|Any CPU
		{1D7EB564-6346-4566-9F71-1FDE3A058F47}.Ad-Hoc|iPhone.Build.0 = Release|Any CPU
		{1D7EB564-6346-4566-9F71-1FDE3A058F47}.Ad-Hoc|iPhone.Deploy.0 = Release|Any CPU
		{1D7EB564-6346-4566-9F71-1FDE3A058F47}.Ad-Hoc|iPhoneSimulator.ActiveCfg = Release|Any CPU
		{1D7EB564-6346-4566-9F71-1FDE3A058F47}.Ad-Hoc|iPhoneSimulator.Build.0 = Release|Any CPU
		{1D7EB564-6346-4566-9F71-1FDE3A058F47}.Ad-Hoc|iPhoneSimulator.Deploy.0 = Release|Any CPU
		{1D7EB564-6346-4566-9F71-1FDE3A058F47}.AppStore|Any CPU.ActiveCfg = Release|Any CPU
		{1D7EB564-6346-4566-9F71-1FDE3A058F47}.AppStore|Any CPU.Build.0 = Release|Any CPU
		{1D7EB564-6346-4566-9F71-1FDE3A058F47}.AppStore|Any CPU.Deploy.0 = Release|Any CPU
		{1D7EB564-6346-4566-9F71-1FDE3A058F47}.AppStore|iPhone.ActiveCfg = Release|Any CPU
		{1D7EB564-6346-4566-9F71-1FDE3A058F47}.AppStore|iPhone.Build.0 = Release|Any CPU
		{1D7EB564-6346-4566-9F71-1FDE3A058F47}.AppStore|iPhone.Deploy.0 = Release|Any CPU
		{1D7EB564-6346-4566-9F71-1FDE3A058F47}.AppStore|iPhoneSimulator.ActiveCfg = Release|Any CPU
		{1D7EB564-6346-4566-9F71-1FDE3A058F47}.AppStore|iPhoneSimulator.Build.0 = Release|Any CPU
		{1D7EB564-6346-4566-9F71-1FDE3A058F47}.AppStore|iPhoneSimulator.Deploy.0 = Release|Any CPU
		{1D7EB564-6346-4566-9F71-1FDE3A058F47}.Debug|Any CPU.ActiveCfg = Debug|Any CPU
		{1D7EB564-6346-4566-9F71-1FDE3A058F47}.Debug|Any CPU.Build.0 = Debug|Any CPU
		{1D7EB564-6346-4566-9F71-1FDE3A058F47}.Debug|Any CPU.Deploy.0 = Debug|Any CPU
		{1D7EB564-6346-4566-9F71-1FDE3A058F47}.Debug|iPhone.ActiveCfg = Debug|Any CPU
		{1D7EB564-6346-4566-9F71-1FDE3A058F47}.Debug|iPhone.Build.0 = Debug|Any CPU
		{1D7EB564-6346-4566-9F71-1FDE3A058F47}.Debug|iPhone.Deploy.0 = Debug|Any CPU
		{1D7EB564-6346-4566-9F71-1FDE3A058F47}.Debug|iPhoneSimulator.ActiveCfg = Debug|Any CPU
		{1D7EB564-6346-4566-9F71-1FDE3A058F47}.Debug|iPhoneSimulator.Build.0 = Debug|Any CPU
		{1D7EB564-6346-4566-9F71-1FDE3A058F47}.Debug|iPhoneSimulator.Deploy.0 = Debug|Any CPU
		{1D7EB564-6346-4566-9F71-1FDE3A058F47}.Release|Any CPU.ActiveCfg = Release|Any CPU
		{1D7EB564-6346-4566-9F71-1FDE3A058F47}.Release|Any CPU.Build.0 = Release|Any CPU
		{1D7EB564-6346-4566-9F71-1FDE3A058F47}.Release|Any CPU.Deploy.0 = Release|Any CPU
		{1D7EB564-6346-4566-9F71-1FDE3A058F47}.Release|iPhone.ActiveCfg = Release|Any CPU
		{1D7EB564-6346-4566-9F71-1FDE3A058F47}.Release|iPhone.Build.0 = Release|Any CPU
		{1D7EB564-6346-4566-9F71-1FDE3A058F47}.Release|iPhone.Deploy.0 = Release|Any CPU
		{1D7EB564-6346-4566-9F71-1FDE3A058F47}.Release|iPhoneSimulator.ActiveCfg = Release|Any CPU
		{1D7EB564-6346-4566-9F71-1FDE3A058F47}.Release|iPhoneSimulator.Build.0 = Release|Any CPU
		{1D7EB564-6346-4566-9F71-1FDE3A058F47}.Release|iPhoneSimulator.Deploy.0 = Release|Any CPU
		{19F1D12B-34C7-47DB-A3A7-B9E3B5460420}.Ad-Hoc|Any CPU.ActiveCfg = Ad-Hoc|iPhone
		{19F1D12B-34C7-47DB-A3A7-B9E3B5460420}.Ad-Hoc|Any CPU.Build.0 = Ad-Hoc|iPhone
		{19F1D12B-34C7-47DB-A3A7-B9E3B5460420}.Ad-Hoc|Any CPU.Deploy.0 = Ad-Hoc|iPhone
		{19F1D12B-34C7-47DB-A3A7-B9E3B5460420}.Ad-Hoc|iPhone.ActiveCfg = Ad-Hoc|iPhone
		{19F1D12B-34C7-47DB-A3A7-B9E3B5460420}.Ad-Hoc|iPhone.Build.0 = Ad-Hoc|iPhone
		{19F1D12B-34C7-47DB-A3A7-B9E3B5460420}.Ad-Hoc|iPhone.Deploy.0 = Ad-Hoc|iPhone
		{19F1D12B-34C7-47DB-A3A7-B9E3B5460420}.Ad-Hoc|iPhoneSimulator.ActiveCfg = Ad-Hoc|iPhoneSimulator
		{19F1D12B-34C7-47DB-A3A7-B9E3B5460420}.Ad-Hoc|iPhoneSimulator.Build.0 = Ad-Hoc|iPhoneSimulator
		{19F1D12B-34C7-47DB-A3A7-B9E3B5460420}.Ad-Hoc|iPhoneSimulator.Deploy.0 = Ad-Hoc|iPhoneSimulator
		{19F1D12B-34C7-47DB-A3A7-B9E3B5460420}.AppStore|Any CPU.ActiveCfg = AppStore|iPhone
		{19F1D12B-34C7-47DB-A3A7-B9E3B5460420}.AppStore|Any CPU.Build.0 = AppStore|iPhone
		{19F1D12B-34C7-47DB-A3A7-B9E3B5460420}.AppStore|Any CPU.Deploy.0 = AppStore|iPhone
		{19F1D12B-34C7-47DB-A3A7-B9E3B5460420}.AppStore|iPhone.ActiveCfg = AppStore|iPhone
		{19F1D12B-34C7-47DB-A3A7-B9E3B5460420}.AppStore|iPhone.Build.0 = AppStore|iPhone
		{19F1D12B-34C7-47DB-A3A7-B9E3B5460420}.AppStore|iPhone.Deploy.0 = AppStore|iPhone
		{19F1D12B-34C7-47DB-A3A7-B9E3B5460420}.AppStore|iPhoneSimulator.ActiveCfg = AppStore|iPhoneSimulator
		{19F1D12B-34C7-47DB-A3A7-B9E3B5460420}.AppStore|iPhoneSimulator.Build.0 = AppStore|iPhoneSimulator
		{19F1D12B-34C7-47DB-A3A7-B9E3B5460420}.AppStore|iPhoneSimulator.Deploy.0 = AppStore|iPhoneSimulator
		{19F1D12B-34C7-47DB-A3A7-B9E3B5460420}.Debug|Any CPU.ActiveCfg = Debug|iPhoneSimulator
		{19F1D12B-34C7-47DB-A3A7-B9E3B5460420}.Debug|Any CPU.Build.0 = Debug|iPhoneSimulator
		{19F1D12B-34C7-47DB-A3A7-B9E3B5460420}.Debug|Any CPU.Deploy.0 = Debug|iPhoneSimulator
		{19F1D12B-34C7-47DB-A3A7-B9E3B5460420}.Debug|iPhone.ActiveCfg = Debug|iPhone
		{19F1D12B-34C7-47DB-A3A7-B9E3B5460420}.Debug|iPhone.Build.0 = Debug|iPhone
		{19F1D12B-34C7-47DB-A3A7-B9E3B5460420}.Debug|iPhone.Deploy.0 = Debug|iPhone
		{19F1D12B-34C7-47DB-A3A7-B9E3B5460420}.Debug|iPhoneSimulator.ActiveCfg = Debug|iPhoneSimulator
		{19F1D12B-34C7-47DB-A3A7-B9E3B5460420}.Debug|iPhoneSimulator.Build.0 = Debug|iPhoneSimulator
		{19F1D12B-34C7-47DB-A3A7-B9E3B5460420}.Debug|iPhoneSimulator.Deploy.0 = Debug|iPhoneSimulator
		{19F1D12B-34C7-47DB-A3A7-B9E3B5460420}.Release|Any CPU.ActiveCfg = Release|iPhone
		{19F1D12B-34C7-47DB-A3A7-B9E3B5460420}.Release|Any CPU.Build.0 = Release|iPhone
		{19F1D12B-34C7-47DB-A3A7-B9E3B5460420}.Release|Any CPU.Deploy.0 = Release|iPhone
		{19F1D12B-34C7-47DB-A3A7-B9E3B5460420}.Release|iPhone.ActiveCfg = Release|iPhone
		{19F1D12B-34C7-47DB-A3A7-B9E3B5460420}.Release|iPhone.Build.0 = Release|iPhone
		{19F1D12B-34C7-47DB-A3A7-B9E3B5460420}.Release|iPhone.Deploy.0 = Release|iPhone
		{19F1D12B-34C7-47DB-A3A7-B9E3B5460420}.Release|iPhoneSimulator.ActiveCfg = Release|iPhoneSimulator
		{19F1D12B-34C7-47DB-A3A7-B9E3B5460420}.Release|iPhoneSimulator.Build.0 = Release|iPhoneSimulator
		{19F1D12B-34C7-47DB-A3A7-B9E3B5460420}.Release|iPhoneSimulator.Deploy.0 = Release|iPhoneSimulator
		{CF182504-A516-4805-BB46-84354FD318AF}.Ad-Hoc|Any CPU.ActiveCfg = Debug|Any CPU
		{CF182504-A516-4805-BB46-84354FD318AF}.Ad-Hoc|Any CPU.Build.0 = Debug|Any CPU
		{CF182504-A516-4805-BB46-84354FD318AF}.Ad-Hoc|Any CPU.Deploy.0 = Debug|Any CPU
		{CF182504-A516-4805-BB46-84354FD318AF}.Ad-Hoc|iPhone.ActiveCfg = Debug|Any CPU
		{CF182504-A516-4805-BB46-84354FD318AF}.Ad-Hoc|iPhone.Build.0 = Debug|Any CPU
		{CF182504-A516-4805-BB46-84354FD318AF}.Ad-Hoc|iPhone.Deploy.0 = Debug|Any CPU
		{CF182504-A516-4805-BB46-84354FD318AF}.Ad-Hoc|iPhoneSimulator.ActiveCfg = Debug|Any CPU
		{CF182504-A516-4805-BB46-84354FD318AF}.Ad-Hoc|iPhoneSimulator.Build.0 = Debug|Any CPU
		{CF182504-A516-4805-BB46-84354FD318AF}.Ad-Hoc|iPhoneSimulator.Deploy.0 = Debug|Any CPU
		{CF182504-A516-4805-BB46-84354FD318AF}.AppStore|Any CPU.ActiveCfg = Debug|Any CPU
		{CF182504-A516-4805-BB46-84354FD318AF}.AppStore|Any CPU.Build.0 = Debug|Any CPU
		{CF182504-A516-4805-BB46-84354FD318AF}.AppStore|Any CPU.Deploy.0 = Debug|Any CPU
		{CF182504-A516-4805-BB46-84354FD318AF}.AppStore|iPhone.ActiveCfg = Debug|Any CPU
		{CF182504-A516-4805-BB46-84354FD318AF}.AppStore|iPhone.Build.0 = Debug|Any CPU
		{CF182504-A516-4805-BB46-84354FD318AF}.AppStore|iPhone.Deploy.0 = Debug|Any CPU
		{CF182504-A516-4805-BB46-84354FD318AF}.AppStore|iPhoneSimulator.ActiveCfg = Debug|Any CPU
		{CF182504-A516-4805-BB46-84354FD318AF}.AppStore|iPhoneSimulator.Build.0 = Debug|Any CPU
		{CF182504-A516-4805-BB46-84354FD318AF}.AppStore|iPhoneSimulator.Deploy.0 = Debug|Any CPU
		{CF182504-A516-4805-BB46-84354FD318AF}.Debug|Any CPU.ActiveCfg = Debug|Any CPU
		{CF182504-A516-4805-BB46-84354FD318AF}.Debug|Any CPU.Build.0 = Debug|Any CPU
		{CF182504-A516-4805-BB46-84354FD318AF}.Debug|Any CPU.Deploy.0 = Debug|Any CPU
		{CF182504-A516-4805-BB46-84354FD318AF}.Debug|iPhone.ActiveCfg = Debug|Any CPU
		{CF182504-A516-4805-BB46-84354FD318AF}.Debug|iPhone.Build.0 = Debug|Any CPU
		{CF182504-A516-4805-BB46-84354FD318AF}.Debug|iPhone.Deploy.0 = Debug|Any CPU
		{CF182504-A516-4805-BB46-84354FD318AF}.Debug|iPhoneSimulator.ActiveCfg = Debug|Any CPU
		{CF182504-A516-4805-BB46-84354FD318AF}.Debug|iPhoneSimulator.Build.0 = Debug|Any CPU
		{CF182504-A516-4805-BB46-84354FD318AF}.Debug|iPhoneSimulator.Deploy.0 = Debug|Any CPU
		{CF182504-A516-4805-BB46-84354FD318AF}.Release|Any CPU.ActiveCfg = Release|Any CPU
		{CF182504-A516-4805-BB46-84354FD318AF}.Release|Any CPU.Build.0 = Release|Any CPU
		{CF182504-A516-4805-BB46-84354FD318AF}.Release|Any CPU.Deploy.0 = Release|Any CPU
		{CF182504-A516-4805-BB46-84354FD318AF}.Release|iPhone.ActiveCfg = Release|Any CPU
		{CF182504-A516-4805-BB46-84354FD318AF}.Release|iPhone.Build.0 = Release|Any CPU
		{CF182504-A516-4805-BB46-84354FD318AF}.Release|iPhone.Deploy.0 = Release|Any CPU
		{CF182504-A516-4805-BB46-84354FD318AF}.Release|iPhoneSimulator.ActiveCfg = Release|Any CPU
		{CF182504-A516-4805-BB46-84354FD318AF}.Release|iPhoneSimulator.Build.0 = Release|Any CPU
		{CF182504-A516-4805-BB46-84354FD318AF}.Release|iPhoneSimulator.Deploy.0 = Release|Any CPU
	EndGlobalSection
	GlobalSection(SolutionProperties) = preSolution
		HideSolutionNode = FALSE
	EndGlobalSection
	GlobalSection(ExtensibilityGlobals) = postSolution
		SolutionGuid = {83CEA18F-6B0D-4569-8DF1-BB75EB4C3D3C}
	EndGlobalSection
EndGlobal
